
Microsoft Visual Studio Solution File, Format Version 12.00
# Visual Studio Version 17
VisualStudioVersion = 17.7.34202.233
MinimumVisualStudioVersion = 10.0.40219.1
Project("{2150E333-8FDC-42A3-9474-1A3956D46DE8}") = "src", "src", "{A2E7B9C3-0454-499E-AE95-A73FCFF2FC55}"
EndProject
Project("{2150E333-8FDC-42A3-9474-1A3956D46DE8}") = "Gateways", "Gateways", "{37E34787-C654-4B31-9A2D-5B2997F36BB4}"
EndProject
Project("{2150E333-8FDC-42A3-9474-1A3956D46DE8}") = "BuldingBlocks", "BuldingBlocks", "{D4F555BC-7256-499A-ACAE-955C0DEAD3D0}"
EndProject
Project("{2150E333-8FDC-42A3-9474-1A3956D46DE8}") = "Services", "Services", "{E0950220-9EE9-423B-83D3-5301DE9D26A3}"
EndProject
Project("{2150E333-8FDC-42A3-9474-1A3956D46DE8}") = "Identity", "Identity", "{D943BAFB-A370-4A10-A6A2-D1AA24927872}"
EndProject
Project("{2150E333-8FDC-42A3-9474-1A3956D46DE8}") = "Signal", "Signal", "{755482C0-48A0-4CF7-AA31-16478283EB9C}"
EndProject
Project("{2150E333-8FDC-42A3-9474-1A3956D46DE8}") = "Message", "Message", "{EFCAB872-0F0A-4CDA-9379-59BAE7BBF4D5}"
EndProject
Project("{2150E333-8FDC-42A3-9474-1A3956D46DE8}") = "Core", "Core", "{C6387654-2BF5-439D-93A2-E48322585B5B}"
EndProject
Project("{2150E333-8FDC-42A3-9474-1A3956D46DE8}") = "Host", "Host", "{DCE04154-267F-4A3A-AF7B-E339949E899C}"
EndProject
Project("{2150E333-8FDC-42A3-9474-1A3956D46DE8}") = "Infrastructure", "Infrastructure", "{5F120DA9-2E16-4E2F-8861-4D1CF0B9D80E}"
EndProject
Project("{2150E333-8FDC-42A3-9474-1A3956D46DE8}") = "API", "API", "{01CA5C18-83F1-41D6-915E-81C1E6B9873C}"
EndProject
Project("{2150E333-8FDC-42A3-9474-1A3956D46DE8}") = "Application", "Application", "{F80A33A6-7F94-4E0D-85B2-C7095A7E535B}"
EndProject
Project("{2150E333-8FDC-42A3-9474-1A3956D46DE8}") = "Domain", "Domain", "{893AFC31-6E74-40C5-B33E-DDF74C14662E}"
EndProject
Project("{FAE04EC0-301F-11D3-BF4B-00C04F79EFBC}") = "Identity.API", "src\Services\Identity\Host\API\Identity.API\Identity.API.csproj", "{55B2027B-7500-4991-8A11-B797CD7C4463}"
EndProject
Project("{E53339B2-1760-4266-BCC7-CA923CBCF16C}") = "docker-compose", "docker-compose.dcproj", "{DB3E7385-9AB4-48A2-B1E5-2813176BF568}"
EndProject
Global
	GlobalSection(SolutionConfigurationPlatforms) = preSolution
		Debug|Any CPU = Debug|Any CPU
		Release|Any CPU = Release|Any CPU
	EndGlobalSection
	GlobalSection(ProjectConfigurationPlatforms) = postSolution
		{55B2027B-7500-4991-8A11-B797CD7C4463}.Debug|Any CPU.ActiveCfg = Debug|Any CPU
		{55B2027B-7500-4991-8A11-B797CD7C4463}.Debug|Any CPU.Build.0 = Debug|Any CPU
		{55B2027B-7500-4991-8A11-B797CD7C4463}.Release|Any CPU.ActiveCfg = Release|Any CPU
		{55B2027B-7500-4991-8A11-B797CD7C4463}.Release|Any CPU.Build.0 = Release|Any CPU
		{DB3E7385-9AB4-48A2-B1E5-2813176BF568}.Debug|Any CPU.ActiveCfg = Debug|Any CPU
		{DB3E7385-9AB4-48A2-B1E5-2813176BF568}.Debug|Any CPU.Build.0 = Debug|Any CPU
		{DB3E7385-9AB4-48A2-B1E5-2813176BF568}.Release|Any CPU.ActiveCfg = Release|Any CPU
		{DB3E7385-9AB4-48A2-B1E5-2813176BF568}.Release|Any CPU.Build.0 = Release|Any CPU
	EndGlobalSection
	GlobalSection(SolutionProperties) = preSolution
		HideSolutionNode = FALSE
	EndGlobalSection
	GlobalSection(NestedProjects) = preSolution
		{37E34787-C654-4B31-9A2D-5B2997F36BB4} = {A2E7B9C3-0454-499E-AE95-A73FCFF2FC55}
		{D4F555BC-7256-499A-ACAE-955C0DEAD3D0} = {A2E7B9C3-0454-499E-AE95-A73FCFF2FC55}
		{E0950220-9EE9-423B-83D3-5301DE9D26A3} = {A2E7B9C3-0454-499E-AE95-A73FCFF2FC55}
		{D943BAFB-A370-4A10-A6A2-D1AA24927872} = {E0950220-9EE9-423B-83D3-5301DE9D26A3}
		{755482C0-48A0-4CF7-AA31-16478283EB9C} = {E0950220-9EE9-423B-83D3-5301DE9D26A3}
		{EFCAB872-0F0A-4CDA-9379-59BAE7BBF4D5} = {E0950220-9EE9-423B-83D3-5301DE9D26A3}
		{C6387654-2BF5-439D-93A2-E48322585B5B} = {D943BAFB-A370-4A10-A6A2-D1AA24927872}
		{DCE04154-267F-4A3A-AF7B-E339949E899C} = {D943BAFB-A370-4A10-A6A2-D1AA24927872}
		{5F120DA9-2E16-4E2F-8861-4D1CF0B9D80E} = {D943BAFB-A370-4A10-A6A2-D1AA24927872}
		{01CA5C18-83F1-41D6-915E-81C1E6B9873C} = {DCE04154-267F-4A3A-AF7B-E339949E899C}
		{F80A33A6-7F94-4E0D-85B2-C7095A7E535B} = {C6387654-2BF5-439D-93A2-E48322585B5B}
		{893AFC31-6E74-40C5-B33E-DDF74C14662E} = {C6387654-2BF5-439D-93A2-E48322585B5B}
		{55B2027B-7500-4991-8A11-B797CD7C4463} = {01CA5C18-83F1-41D6-915E-81C1E6B9873C}
	EndGlobalSection
	GlobalSection(ExtensibilityGlobals) = postSolution
		SolutionGuid = {C81D4ECE-28C8-40E9-BFFA-D18FF2AE0530}
	EndGlobalSection
EndGlobal
