
Microsoft Visual Studio Solution File, Format Version 12.00
# Visual Studio Version 17
VisualStudioVersion = 17.7.34202.233
MinimumVisualStudioVersion = 10.0.40219.1
Project("{2150E333-8FDC-42A3-9474-1A3956D46DE8}") = "src", "src", "{A2E7B9C3-0454-499E-AE95-A73FCFF2FC55}"
EndProject
Project("{2150E333-8FDC-42A3-9474-1A3956D46DE8}") = "Gateways", "Gateways", "{37E34787-C654-4B31-9A2D-5B2997F36BB4}"
EndProject
Project("{2150E333-8FDC-42A3-9474-1A3956D46DE8}") = "BuldingBlocks", "BuldingBlocks", "{D4F555BC-7256-499A-ACAE-955C0DEAD3D0}"
EndProject
Project("{2150E333-8FDC-42A3-9474-1A3956D46DE8}") = "Services", "Services", "{E0950220-9EE9-423B-83D3-5301DE9D26A3}"
EndProject
Project("{2150E333-8FDC-42A3-9474-1A3956D46DE8}") = "Identity", "Identity", "{D943BAFB-A370-4A10-A6A2-D1AA24927872}"
EndProject
Project("{2150E333-8FDC-42A3-9474-1A3956D46DE8}") = "Signal", "Signal", "{755482C0-48A0-4CF7-AA31-16478283EB9C}"
EndProject
Project("{2150E333-8FDC-42A3-9474-1A3956D46DE8}") = "Message", "Message", "{EFCAB872-0F0A-4CDA-9379-59BAE7BBF4D5}"
EndProject
Project("{2150E333-8FDC-42A3-9474-1A3956D46DE8}") = "Core", "Core", "{C6387654-2BF5-439D-93A2-E48322585B5B}"
EndProject
Project("{2150E333-8FDC-42A3-9474-1A3956D46DE8}") = "Host", "Host", "{DCE04154-267F-4A3A-AF7B-E339949E899C}"
EndProject
Project("{2150E333-8FDC-42A3-9474-1A3956D46DE8}") = "Infrastructure", "Infrastructure", "{5F120DA9-2E16-4E2F-8861-4D1CF0B9D80E}"
EndProject
Project("{2150E333-8FDC-42A3-9474-1A3956D46DE8}") = "API", "API", "{01CA5C18-83F1-41D6-915E-81C1E6B9873C}"
EndProject
Project("{2150E333-8FDC-42A3-9474-1A3956D46DE8}") = "Application", "Application", "{F80A33A6-7F94-4E0D-85B2-C7095A7E535B}"
EndProject
Project("{2150E333-8FDC-42A3-9474-1A3956D46DE8}") = "Domain", "Domain", "{893AFC31-6E74-40C5-B33E-DDF74C14662E}"
EndProject
Project("{9A19103F-16F7-4668-BE54-9A1E7A4F7556}") = "Identity.API", "src\Services\Identity\Host\API\Identity.API\Identity.API.csproj", "{55B2027B-7500-4991-8A11-B797CD7C4463}"
EndProject
Project("{E53339B2-1760-4266-BCC7-CA923CBCF16C}") = "docker-compose", "docker-compose.dcproj", "{DB3E7385-9AB4-48A2-B1E5-2813176BF568}"
EndProject
Project("{9A19103F-16F7-4668-BE54-9A1E7A4F7556}") = "Identity.Infrastructure", "src\Services\Identity\Infrastructure\Identity.Infrastructure\Identity.Infrastructure.csproj", "{2B81DE9B-3575-4C37-9526-BF02A41ECD81}"
EndProject
Project("{9A19103F-16F7-4668-BE54-9A1E7A4F7556}") = "Identity.Domain", "src\Services\Identity\Core\Domain\Identity.Domain\Identity.Domain.csproj", "{CBB1707D-29F8-4187-8D03-0730B7AE9962}"
EndProject
Project("{9A19103F-16F7-4668-BE54-9A1E7A4F7556}") = "Identity.Application", "src\Services\Identity\Core\Application\Identity.Application\Identity.Application.csproj", "{EA821555-617F-4E17-859C-1C6714599D1D}"
EndProject
Project("{9A19103F-16F7-4668-BE54-9A1E7A4F7556}") = "Common", "src\BuildingBlocks\Common\Common.csproj", "{7DB650A3-B02B-435C-B886-3D8EDC7F47CA}"
EndProject
Project("{2150E333-8FDC-42A3-9474-1A3956D46DE8}") = "Core", "Core", "{864EA801-B027-4C8E-843B-900475897E45}"
EndProject
Project("{2150E333-8FDC-42A3-9474-1A3956D46DE8}") = "Application", "Application", "{FD1B8E94-9320-49AE-B1A9-E23D28B321A1}"
EndProject
Project("{2150E333-8FDC-42A3-9474-1A3956D46DE8}") = "Domain", "Domain", "{EAE32C25-C71A-4DEB-B2CF-B28955165DDA}"
EndProject
Project("{2150E333-8FDC-42A3-9474-1A3956D46DE8}") = "Infrastructure", "Infrastructure", "{0FB9771A-B8D4-4A60-B5E5-4FEE4595E732}"
EndProject
Project("{9A19103F-16F7-4668-BE54-9A1E7A4F7556}") = "Message.Application", "src\Services\Message\Core\Application\Message.Application\Message.Application.csproj", "{7156F27D-EAF5-4AC6-9B67-A670F92C8925}"
EndProject
Project("{9A19103F-16F7-4668-BE54-9A1E7A4F7556}") = "Message.Domain", "src\Services\Message\Core\Domain\Message.Domain\Message.Domain.csproj", "{279B9AFB-6A40-4CEB-9CA7-B0BBDDA31061}"
EndProject
Project("{9A19103F-16F7-4668-BE54-9A1E7A4F7556}") = "Message.Infrastructure", "src\Services\Message\Infrastructure\Message.Infrastructure\Message.Infrastructure.csproj", "{01BE3918-15E1-4110-90AA-307938021037}"
EndProject
Project("{2150E333-8FDC-42A3-9474-1A3956D46DE8}") = "Host", "Host", "{77D6B61D-A6C7-43F2-9409-4CBEB0D53DE0}"
EndProject
Project("{9A19103F-16F7-4668-BE54-9A1E7A4F7556}") = "Message.API", "src\Services\Message\Host\Message.API\Message.API.csproj", "{606A5AC0-8C6C-43F8-AE93-D9F330843F10}"
EndProject
Global
	GlobalSection(SolutionConfigurationPlatforms) = preSolution
		Debug|Any CPU = Debug|Any CPU
		Release|Any CPU = Release|Any CPU
	EndGlobalSection
	GlobalSection(ProjectConfigurationPlatforms) = postSolution
		{55B2027B-7500-4991-8A11-B797CD7C4463}.Debug|Any CPU.ActiveCfg = Debug|Any CPU
		{55B2027B-7500-4991-8A11-B797CD7C4463}.Debug|Any CPU.Build.0 = Debug|Any CPU
		{55B2027B-7500-4991-8A11-B797CD7C4463}.Release|Any CPU.ActiveCfg = Release|Any CPU
		{55B2027B-7500-4991-8A11-B797CD7C4463}.Release|Any CPU.Build.0 = Release|Any CPU
		{DB3E7385-9AB4-48A2-B1E5-2813176BF568}.Debug|Any CPU.ActiveCfg = Debug|Any CPU
		{DB3E7385-9AB4-48A2-B1E5-2813176BF568}.Debug|Any CPU.Build.0 = Debug|Any CPU
		{DB3E7385-9AB4-48A2-B1E5-2813176BF568}.Release|Any CPU.ActiveCfg = Release|Any CPU
		{DB3E7385-9AB4-48A2-B1E5-2813176BF568}.Release|Any CPU.Build.0 = Release|Any CPU
		{2B81DE9B-3575-4C37-9526-BF02A41ECD81}.Debug|Any CPU.ActiveCfg = Debug|Any CPU
		{2B81DE9B-3575-4C37-9526-BF02A41ECD81}.Debug|Any CPU.Build.0 = Debug|Any CPU
		{2B81DE9B-3575-4C37-9526-BF02A41ECD81}.Release|Any CPU.ActiveCfg = Release|Any CPU
		{2B81DE9B-3575-4C37-9526-BF02A41ECD81}.Release|Any CPU.Build.0 = Release|Any CPU
		{CBB1707D-29F8-4187-8D03-0730B7AE9962}.Debug|Any CPU.ActiveCfg = Debug|Any CPU
		{CBB1707D-29F8-4187-8D03-0730B7AE9962}.Debug|Any CPU.Build.0 = Debug|Any CPU
		{CBB1707D-29F8-4187-8D03-0730B7AE9962}.Release|Any CPU.ActiveCfg = Release|Any CPU
		{CBB1707D-29F8-4187-8D03-0730B7AE9962}.Release|Any CPU.Build.0 = Release|Any CPU
		{EA821555-617F-4E17-859C-1C6714599D1D}.Debug|Any CPU.ActiveCfg = Debug|Any CPU
		{EA821555-617F-4E17-859C-1C6714599D1D}.Debug|Any CPU.Build.0 = Debug|Any CPU
		{EA821555-617F-4E17-859C-1C6714599D1D}.Release|Any CPU.ActiveCfg = Release|Any CPU
		{EA821555-617F-4E17-859C-1C6714599D1D}.Release|Any CPU.Build.0 = Release|Any CPU
		{7DB650A3-B02B-435C-B886-3D8EDC7F47CA}.Debug|Any CPU.ActiveCfg = Debug|Any CPU
		{7DB650A3-B02B-435C-B886-3D8EDC7F47CA}.Debug|Any CPU.Build.0 = Debug|Any CPU
		{7DB650A3-B02B-435C-B886-3D8EDC7F47CA}.Release|Any CPU.ActiveCfg = Release|Any CPU
		{7DB650A3-B02B-435C-B886-3D8EDC7F47CA}.Release|Any CPU.Build.0 = Release|Any CPU
		{7156F27D-EAF5-4AC6-9B67-A670F92C8925}.Debug|Any CPU.ActiveCfg = Debug|Any CPU
		{7156F27D-EAF5-4AC6-9B67-A670F92C8925}.Debug|Any CPU.Build.0 = Debug|Any CPU
		{7156F27D-EAF5-4AC6-9B67-A670F92C8925}.Release|Any CPU.ActiveCfg = Release|Any CPU
		{7156F27D-EAF5-4AC6-9B67-A670F92C8925}.Release|Any CPU.Build.0 = Release|Any CPU
		{279B9AFB-6A40-4CEB-9CA7-B0BBDDA31061}.Debug|Any CPU.ActiveCfg = Debug|Any CPU
		{279B9AFB-6A40-4CEB-9CA7-B0BBDDA31061}.Debug|Any CPU.Build.0 = Debug|Any CPU
		{279B9AFB-6A40-4CEB-9CA7-B0BBDDA31061}.Release|Any CPU.ActiveCfg = Release|Any CPU
		{279B9AFB-6A40-4CEB-9CA7-B0BBDDA31061}.Release|Any CPU.Build.0 = Release|Any CPU
		{01BE3918-15E1-4110-90AA-307938021037}.Debug|Any CPU.ActiveCfg = Debug|Any CPU
		{01BE3918-15E1-4110-90AA-307938021037}.Debug|Any CPU.Build.0 = Debug|Any CPU
		{01BE3918-15E1-4110-90AA-307938021037}.Release|Any CPU.ActiveCfg = Release|Any CPU
		{01BE3918-15E1-4110-90AA-307938021037}.Release|Any CPU.Build.0 = Release|Any CPU
		{606A5AC0-8C6C-43F8-AE93-D9F330843F10}.Debug|Any CPU.ActiveCfg = Debug|Any CPU
		{606A5AC0-8C6C-43F8-AE93-D9F330843F10}.Debug|Any CPU.Build.0 = Debug|Any CPU
		{606A5AC0-8C6C-43F8-AE93-D9F330843F10}.Release|Any CPU.ActiveCfg = Release|Any CPU
		{606A5AC0-8C6C-43F8-AE93-D9F330843F10}.Release|Any CPU.Build.0 = Release|Any CPU
	EndGlobalSection
	GlobalSection(SolutionProperties) = preSolution
		HideSolutionNode = FALSE
	EndGlobalSection
	GlobalSection(NestedProjects) = preSolution
		{37E34787-C654-4B31-9A2D-5B2997F36BB4} = {A2E7B9C3-0454-499E-AE95-A73FCFF2FC55}
		{D4F555BC-7256-499A-ACAE-955C0DEAD3D0} = {A2E7B9C3-0454-499E-AE95-A73FCFF2FC55}
		{E0950220-9EE9-423B-83D3-5301DE9D26A3} = {A2E7B9C3-0454-499E-AE95-A73FCFF2FC55}
		{D943BAFB-A370-4A10-A6A2-D1AA24927872} = {E0950220-9EE9-423B-83D3-5301DE9D26A3}
		{755482C0-48A0-4CF7-AA31-16478283EB9C} = {E0950220-9EE9-423B-83D3-5301DE9D26A3}
		{EFCAB872-0F0A-4CDA-9379-59BAE7BBF4D5} = {E0950220-9EE9-423B-83D3-5301DE9D26A3}
		{C6387654-2BF5-439D-93A2-E48322585B5B} = {D943BAFB-A370-4A10-A6A2-D1AA24927872}
		{DCE04154-267F-4A3A-AF7B-E339949E899C} = {D943BAFB-A370-4A10-A6A2-D1AA24927872}
		{5F120DA9-2E16-4E2F-8861-4D1CF0B9D80E} = {D943BAFB-A370-4A10-A6A2-D1AA24927872}
		{01CA5C18-83F1-41D6-915E-81C1E6B9873C} = {DCE04154-267F-4A3A-AF7B-E339949E899C}
		{F80A33A6-7F94-4E0D-85B2-C7095A7E535B} = {C6387654-2BF5-439D-93A2-E48322585B5B}
		{893AFC31-6E74-40C5-B33E-DDF74C14662E} = {C6387654-2BF5-439D-93A2-E48322585B5B}
		{55B2027B-7500-4991-8A11-B797CD7C4463} = {01CA5C18-83F1-41D6-915E-81C1E6B9873C}
		{2B81DE9B-3575-4C37-9526-BF02A41ECD81} = {5F120DA9-2E16-4E2F-8861-4D1CF0B9D80E}
		{CBB1707D-29F8-4187-8D03-0730B7AE9962} = {893AFC31-6E74-40C5-B33E-DDF74C14662E}
		{EA821555-617F-4E17-859C-1C6714599D1D} = {F80A33A6-7F94-4E0D-85B2-C7095A7E535B}
		{7DB650A3-B02B-435C-B886-3D8EDC7F47CA} = {D4F555BC-7256-499A-ACAE-955C0DEAD3D0}
		{864EA801-B027-4C8E-843B-900475897E45} = {EFCAB872-0F0A-4CDA-9379-59BAE7BBF4D5}
		{FD1B8E94-9320-49AE-B1A9-E23D28B321A1} = {864EA801-B027-4C8E-843B-900475897E45}
		{EAE32C25-C71A-4DEB-B2CF-B28955165DDA} = {864EA801-B027-4C8E-843B-900475897E45}
		{0FB9771A-B8D4-4A60-B5E5-4FEE4595E732} = {EFCAB872-0F0A-4CDA-9379-59BAE7BBF4D5}
		{7156F27D-EAF5-4AC6-9B67-A670F92C8925} = {FD1B8E94-9320-49AE-B1A9-E23D28B321A1}
		{279B9AFB-6A40-4CEB-9CA7-B0BBDDA31061} = {EAE32C25-C71A-4DEB-B2CF-B28955165DDA}
		{01BE3918-15E1-4110-90AA-307938021037} = {0FB9771A-B8D4-4A60-B5E5-4FEE4595E732}
		{77D6B61D-A6C7-43F2-9409-4CBEB0D53DE0} = {EFCAB872-0F0A-4CDA-9379-59BAE7BBF4D5}
		{606A5AC0-8C6C-43F8-AE93-D9F330843F10} = {77D6B61D-A6C7-43F2-9409-4CBEB0D53DE0}
	EndGlobalSection
	GlobalSection(ExtensibilityGlobals) = postSolution
		SolutionGuid = {C81D4ECE-28C8-40E9-BFFA-D18FF2AE0530}
	EndGlobalSection
EndGlobal
